
Microsoft Visual Studio Solution File, Format Version 12.00
# Visual Studio Version 17
VisualStudioVersion = 17.0.31903.59
MinimumVisualStudioVersion = 10.0.40219.1
Project("{FAE04EC0-301F-11D3-BF4B-00C04F79EFBC}") = "GameX.Auth.Services", "src\GameX.Auth.Services\GameX.Auth.Services.csproj", "{ED31D540-BE39-478C-BAEC-9B239189C7E7}"
EndProject
Project("{FAE04EC0-301F-11D3-BF4B-00C04F79EFBC}") = "GameX.Common", "src\GameX.Common\GameX.Common.csproj", "{06FD415E-10BE-48E2-B51A-336BEFA70EBA}"
EndProject
Project("{FAE04EC0-301F-11D3-BF4B-00C04F79EFBC}") = "GameX.Auth.Contracts", "src\GameX.Auth.Contracts\GameX.Auth.Contracts.csproj", "{66EA29C8-C6AC-4E3B-B807-66BE33AA05D8}"
EndProject
Global
	GlobalSection(SolutionConfigurationPlatforms) = preSolution
		Debug|Any CPU = Debug|Any CPU
		Release|Any CPU = Release|Any CPU
	EndGlobalSection
	GlobalSection(SolutionProperties) = preSolution
		HideSolutionNode = FALSE
	EndGlobalSection
	GlobalSection(ProjectConfigurationPlatforms) = postSolution
		{ED31D540-BE39-478C-BAEC-9B239189C7E7}.Debug|Any CPU.ActiveCfg = Debug|Any CPU
		{ED31D540-BE39-478C-BAEC-9B239189C7E7}.Debug|Any CPU.Build.0 = Debug|Any CPU
		{ED31D540-BE39-478C-BAEC-9B239189C7E7}.Release|Any CPU.ActiveCfg = Release|Any CPU
		{ED31D540-BE39-478C-BAEC-9B239189C7E7}.Release|Any CPU.Build.0 = Release|Any CPU
		{06FD415E-10BE-48E2-B51A-336BEFA70EBA}.Debug|Any CPU.ActiveCfg = Debug|Any CPU
		{06FD415E-10BE-48E2-B51A-336BEFA70EBA}.Debug|Any CPU.Build.0 = Debug|Any CPU
		{06FD415E-10BE-48E2-B51A-336BEFA70EBA}.Release|Any CPU.ActiveCfg = Release|Any CPU
		{06FD415E-10BE-48E2-B51A-336BEFA70EBA}.Release|Any CPU.Build.0 = Release|Any CPU
		{66EA29C8-C6AC-4E3B-B807-66BE33AA05D8}.Debug|Any CPU.ActiveCfg = Debug|Any CPU
		{66EA29C8-C6AC-4E3B-B807-66BE33AA05D8}.Debug|Any CPU.Build.0 = Debug|Any CPU
		{66EA29C8-C6AC-4E3B-B807-66BE33AA05D8}.Release|Any CPU.ActiveCfg = Release|Any CPU
		{66EA29C8-C6AC-4E3B-B807-66BE33AA05D8}.Release|Any CPU.Build.0 = Release|Any CPU
	EndGlobalSection

EndGlobal
